
Microsoft Visual Studio Solution File, Format Version 12.00
# Visual Studio Version 17
VisualStudioVersion = 17.14.36811.4
MinimumVisualStudioVersion = 10.0.40219.1
Project("{2150E333-8FDC-42A3-9474-1A3956D46DE8}") = "src", "src", "{02EA681E-C7D8-13C7-8484-4AC65E1B71E8}"
EndProject
Project("{FAE04EC0-301F-11D3-BF4B-00C04F79EFBC}") = "QUS.Users.Domain", "src\User\QUS.User.Domain\QUS.Users.Domain.csproj", "{1C1B40F0-17B0-4E6F-85F2-F9BBB4E072A1}"
EndProject
Project("{2150E333-8FDC-42A3-9474-1A3956D46DE8}") = "User", "User", "{C7548903-A11B-4BD5-85A9-BB7DC486FD41}"
EndProject
Project("{FAE04EC0-301F-11D3-BF4B-00C04F79EFBC}") = "QUS.Users.Data", "src\User\QUS.Users.Data\QUS.Users.Data.csproj", "{9E12892C-A9BD-40E2-B78E-2CE195FF5991}"
EndProject
Project("{2150E333-8FDC-42A3-9474-1A3956D46DE8}") = "tests", "tests", "{173F2BED-69FB-4F91-9950-FEDADEE081D4}"
EndProject
Project("{2150E333-8FDC-42A3-9474-1A3956D46DE8}") = "UserTests", "UserTests", "{0CE31E34-3424-4180-988E-B9702CCB8F5A}"
EndProject
Project("{FAE04EC0-301F-11D3-BF4B-00C04F79EFBC}") = "UserTests.Domain", "tests\UserTests\User.Domain\UserTests.Domain.csproj", "{459F5256-2635-430A-94C9-FC4F476E174F}"
EndProject
Project("{FAE04EC0-301F-11D3-BF4B-00C04F79EFBC}") = "QUS.Users.Application", "src\User\QUS.Users.Application\QUS.Users.Application.csproj", "{77F5FAC0-D1B4-422A-AD8B-16301A02212E}"
EndProject
Project("{FAE04EC0-301F-11D3-BF4B-00C04F79EFBC}") = "QUS.Users.API", "src\User\QUS.Users.API\QUS.Users.API.csproj", "{62B2EC85-D496-4508-AAF4-C6C95849ABC2}"
EndProject
Project("{2150E333-8FDC-42A3-9474-1A3956D46DE8}") = "Core", "Core", "{674C727B-E998-4E08-9419-1019C15C40C2}"
EndProject
Project("{FAE04EC0-301F-11D3-BF4B-00C04F79EFBC}") = "QUS.Core", "src\Core\QUS.Core\QUS.Core.csproj", "{B56E9507-712A-4083-A8C1-FCDFA9B9E45F}"
EndProject
Project("{FAE04EC0-301F-11D3-BF4B-00C04F79EFBC}") = "UserTests.Application", "tests\UserTests\UserTests.Application\UserTests.Application.csproj", "{013446EF-0ABF-4008-BC1F-D0A363B696DC}"
EndProject
Project("{2150E333-8FDC-42A3-9474-1A3956D46DE8}") = "Service", "Service", "{FBE8E3F4-61A2-4974-9838-722E86C6F3D9}"
EndProject
Project("{FAE04EC0-301F-11D3-BF4B-00C04F79EFBC}") = "QUS.Services.Domain", "src\Service\QUS.Services.Domain\QUS.Services.Domain.csproj", "{2B57C6B6-EDE4-4AB8-8A13-BF8376772503}"
EndProject
Project("{FAE04EC0-301F-11D3-BF4B-00C04F79EFBC}") = "QUS.Services.Data", "src\Service\QUS.Services.Data\QUS.Services.Data.csproj", "{F5A79DC9-CDBF-4E5A-8D72-0F34B409E3D8}"
EndProject
Project("{FAE04EC0-301F-11D3-BF4B-00C04F79EFBC}") = "Service.Tests.Domain", "tests\ServiceTests\Service.Tests.Domain\Service.Tests.Domain.csproj", "{95156917-A98B-456F-97B4-9874D588FAF0}"
EndProject
Project("{FAE04EC0-301F-11D3-BF4B-00C04F79EFBC}") = "QUS.Service.Application", "src\Service\QUS.Service.Application\QUS.Service.Application.csproj", "{075D446E-E510-40E7-AC6D-20EA2428D79A}"
EndProject
Project("{2150E333-8FDC-42A3-9474-1A3956D46DE8}") = "ServiceTests", "ServiceTests", "{C7688D20-12F2-4A81-95DA-4CF9D35625F1}"
EndProject
Project("{FAE04EC0-301F-11D3-BF4B-00C04F79EFBC}") = "ServiceTests.Application", "tests\ServiceTests\ServiceTests.Application\ServiceTests.Application.csproj", "{6F41256D-2E59-448E-843A-41D5605620AF}"
EndProject
Project("{FAE04EC0-301F-11D3-BF4B-00C04F79EFBC}") = "QUS.Service.API", "src\Service\QUS.Service.API\QUS.Service.API\QUS.Service.API.csproj", "{7C224EE5-0890-4B8B-ABCE-458924C3C7FB}"
EndProject
Project("{2150E333-8FDC-42A3-9474-1A3956D46DE8}") = "Auth", "Auth", "{FBD3A145-0631-4D64-9E4D-8FA2D706F7D2}"
EndProject
Project("{FAE04EC0-301F-11D3-BF4B-00C04F79EFBC}") = "QUS.Auth.Domain", "src\Auth\QUS.Auth.Domain\QUS.Auth.Domain.csproj", "{EDDF2925-AC01-4BEF-A1C9-87D43D5D2246}"
EndProject
Project("{FAE04EC0-301F-11D3-BF4B-00C04F79EFBC}") = "QUS.Auth.Data", "src\Auth\QUS.Auth.Data\QUS.Auth.Data.csproj", "{F1F80987-5A5E-4F8A-B4D2-04507A51B58D}"
EndProject
Project("{2150E333-8FDC-42A3-9474-1A3956D46DE8}") = "AuthTests", "AuthTests", "{CCE6138D-D8DB-4137-9797-E659166FC348}"
EndProject
Project("{FAE04EC0-301F-11D3-BF4B-00C04F79EFBC}") = "Auth.Tests.Domain", "tests\AuthTests\Auth.Tests.Domain\Auth.Tests.Domain.csproj", "{65333184-95DA-48DD-8BE2-0376B2DF13EB}"
EndProject
Project("{FAE04EC0-301F-11D3-BF4B-00C04F79EFBC}") = "QUS.Auth.Application", "src\Auth\QUS.Auth.Application\QUS.Auth.Application.csproj", "{13681802-FB73-4C92-9108-F97385899CD7}"
EndProject
Project("{FAE04EC0-301F-11D3-BF4B-00C04F79EFBC}") = "QUS.Auth.API", "src\Auth\QUS.Auth.API\QUS.Auth.API.csproj", "{CB621A9E-C134-4589-B186-52D2336CB47B}"
EndProject
Global
	GlobalSection(SolutionConfigurationPlatforms) = preSolution
		Debug|Any CPU = Debug|Any CPU
		Release|Any CPU = Release|Any CPU
	EndGlobalSection
	GlobalSection(ProjectConfigurationPlatforms) = postSolution
		{1C1B40F0-17B0-4E6F-85F2-F9BBB4E072A1}.Debug|Any CPU.ActiveCfg = Debug|Any CPU
		{1C1B40F0-17B0-4E6F-85F2-F9BBB4E072A1}.Debug|Any CPU.Build.0 = Debug|Any CPU
		{1C1B40F0-17B0-4E6F-85F2-F9BBB4E072A1}.Release|Any CPU.ActiveCfg = Release|Any CPU
		{1C1B40F0-17B0-4E6F-85F2-F9BBB4E072A1}.Release|Any CPU.Build.0 = Release|Any CPU
		{9E12892C-A9BD-40E2-B78E-2CE195FF5991}.Debug|Any CPU.ActiveCfg = Debug|Any CPU
		{9E12892C-A9BD-40E2-B78E-2CE195FF5991}.Debug|Any CPU.Build.0 = Debug|Any CPU
		{9E12892C-A9BD-40E2-B78E-2CE195FF5991}.Release|Any CPU.ActiveCfg = Release|Any CPU
		{9E12892C-A9BD-40E2-B78E-2CE195FF5991}.Release|Any CPU.Build.0 = Release|Any CPU
		{459F5256-2635-430A-94C9-FC4F476E174F}.Debug|Any CPU.ActiveCfg = Debug|Any CPU
		{459F5256-2635-430A-94C9-FC4F476E174F}.Debug|Any CPU.Build.0 = Debug|Any CPU
		{459F5256-2635-430A-94C9-FC4F476E174F}.Release|Any CPU.ActiveCfg = Release|Any CPU
		{459F5256-2635-430A-94C9-FC4F476E174F}.Release|Any CPU.Build.0 = Release|Any CPU
		{77F5FAC0-D1B4-422A-AD8B-16301A02212E}.Debug|Any CPU.ActiveCfg = Debug|Any CPU
		{77F5FAC0-D1B4-422A-AD8B-16301A02212E}.Debug|Any CPU.Build.0 = Debug|Any CPU
		{77F5FAC0-D1B4-422A-AD8B-16301A02212E}.Release|Any CPU.ActiveCfg = Release|Any CPU
		{77F5FAC0-D1B4-422A-AD8B-16301A02212E}.Release|Any CPU.Build.0 = Release|Any CPU
		{62B2EC85-D496-4508-AAF4-C6C95849ABC2}.Debug|Any CPU.ActiveCfg = Debug|Any CPU
		{62B2EC85-D496-4508-AAF4-C6C95849ABC2}.Debug|Any CPU.Build.0 = Debug|Any CPU
		{62B2EC85-D496-4508-AAF4-C6C95849ABC2}.Release|Any CPU.ActiveCfg = Release|Any CPU
		{62B2EC85-D496-4508-AAF4-C6C95849ABC2}.Release|Any CPU.Build.0 = Release|Any CPU
		{B56E9507-712A-4083-A8C1-FCDFA9B9E45F}.Debug|Any CPU.ActiveCfg = Debug|Any CPU
		{B56E9507-712A-4083-A8C1-FCDFA9B9E45F}.Debug|Any CPU.Build.0 = Debug|Any CPU
		{B56E9507-712A-4083-A8C1-FCDFA9B9E45F}.Release|Any CPU.ActiveCfg = Release|Any CPU
		{B56E9507-712A-4083-A8C1-FCDFA9B9E45F}.Release|Any CPU.Build.0 = Release|Any CPU
		{013446EF-0ABF-4008-BC1F-D0A363B696DC}.Debug|Any CPU.ActiveCfg = Debug|Any CPU
		{013446EF-0ABF-4008-BC1F-D0A363B696DC}.Debug|Any CPU.Build.0 = Debug|Any CPU
		{013446EF-0ABF-4008-BC1F-D0A363B696DC}.Release|Any CPU.ActiveCfg = Release|Any CPU
		{013446EF-0ABF-4008-BC1F-D0A363B696DC}.Release|Any CPU.Build.0 = Release|Any CPU
		{2B57C6B6-EDE4-4AB8-8A13-BF8376772503}.Debug|Any CPU.ActiveCfg = Debug|Any CPU
		{2B57C6B6-EDE4-4AB8-8A13-BF8376772503}.Debug|Any CPU.Build.0 = Debug|Any CPU
		{2B57C6B6-EDE4-4AB8-8A13-BF8376772503}.Release|Any CPU.ActiveCfg = Release|Any CPU
		{2B57C6B6-EDE4-4AB8-8A13-BF8376772503}.Release|Any CPU.Build.0 = Release|Any CPU
		{F5A79DC9-CDBF-4E5A-8D72-0F34B409E3D8}.Debug|Any CPU.ActiveCfg = Debug|Any CPU
		{F5A79DC9-CDBF-4E5A-8D72-0F34B409E3D8}.Debug|Any CPU.Build.0 = Debug|Any CPU
		{F5A79DC9-CDBF-4E5A-8D72-0F34B409E3D8}.Release|Any CPU.ActiveCfg = Release|Any CPU
		{F5A79DC9-CDBF-4E5A-8D72-0F34B409E3D8}.Release|Any CPU.Build.0 = Release|Any CPU
		{95156917-A98B-456F-97B4-9874D588FAF0}.Debug|Any CPU.ActiveCfg = Debug|Any CPU
		{95156917-A98B-456F-97B4-9874D588FAF0}.Debug|Any CPU.Build.0 = Debug|Any CPU
		{95156917-A98B-456F-97B4-9874D588FAF0}.Release|Any CPU.ActiveCfg = Release|Any CPU
		{95156917-A98B-456F-97B4-9874D588FAF0}.Release|Any CPU.Build.0 = Release|Any CPU
		{075D446E-E510-40E7-AC6D-20EA2428D79A}.Debug|Any CPU.ActiveCfg = Debug|Any CPU
		{075D446E-E510-40E7-AC6D-20EA2428D79A}.Debug|Any CPU.Build.0 = Debug|Any CPU
		{075D446E-E510-40E7-AC6D-20EA2428D79A}.Release|Any CPU.ActiveCfg = Release|Any CPU
		{075D446E-E510-40E7-AC6D-20EA2428D79A}.Release|Any CPU.Build.0 = Release|Any CPU
		{6F41256D-2E59-448E-843A-41D5605620AF}.Debug|Any CPU.ActiveCfg = Debug|Any CPU
		{6F41256D-2E59-448E-843A-41D5605620AF}.Debug|Any CPU.Build.0 = Debug|Any CPU
		{6F41256D-2E59-448E-843A-41D5605620AF}.Release|Any CPU.ActiveCfg = Release|Any CPU
		{6F41256D-2E59-448E-843A-41D5605620AF}.Release|Any CPU.Build.0 = Release|Any CPU
		{7C224EE5-0890-4B8B-ABCE-458924C3C7FB}.Debug|Any CPU.ActiveCfg = Debug|Any CPU
		{7C224EE5-0890-4B8B-ABCE-458924C3C7FB}.Debug|Any CPU.Build.0 = Debug|Any CPU
		{7C224EE5-0890-4B8B-ABCE-458924C3C7FB}.Release|Any CPU.ActiveCfg = Release|Any CPU
		{7C224EE5-0890-4B8B-ABCE-458924C3C7FB}.Release|Any CPU.Build.0 = Release|Any CPU
		{EDDF2925-AC01-4BEF-A1C9-87D43D5D2246}.Debug|Any CPU.ActiveCfg = Debug|Any CPU
		{EDDF2925-AC01-4BEF-A1C9-87D43D5D2246}.Debug|Any CPU.Build.0 = Debug|Any CPU
		{EDDF2925-AC01-4BEF-A1C9-87D43D5D2246}.Release|Any CPU.ActiveCfg = Release|Any CPU
		{EDDF2925-AC01-4BEF-A1C9-87D43D5D2246}.Release|Any CPU.Build.0 = Release|Any CPU
		{F1F80987-5A5E-4F8A-B4D2-04507A51B58D}.Debug|Any CPU.ActiveCfg = Debug|Any CPU
		{F1F80987-5A5E-4F8A-B4D2-04507A51B58D}.Debug|Any CPU.Build.0 = Debug|Any CPU
		{F1F80987-5A5E-4F8A-B4D2-04507A51B58D}.Release|Any CPU.ActiveCfg = Release|Any CPU
		{F1F80987-5A5E-4F8A-B4D2-04507A51B58D}.Release|Any CPU.Build.0 = Release|Any CPU
		{65333184-95DA-48DD-8BE2-0376B2DF13EB}.Debug|Any CPU.ActiveCfg = Debug|Any CPU
		{65333184-95DA-48DD-8BE2-0376B2DF13EB}.Debug|Any CPU.Build.0 = Debug|Any CPU
		{65333184-95DA-48DD-8BE2-0376B2DF13EB}.Release|Any CPU.ActiveCfg = Release|Any CPU
		{65333184-95DA-48DD-8BE2-0376B2DF13EB}.Release|Any CPU.Build.0 = Release|Any CPU
		{13681802-FB73-4C92-9108-F97385899CD7}.Debug|Any CPU.ActiveCfg = Debug|Any CPU
		{13681802-FB73-4C92-9108-F97385899CD7}.Debug|Any CPU.Build.0 = Debug|Any CPU
		{13681802-FB73-4C92-9108-F97385899CD7}.Release|Any CPU.ActiveCfg = Release|Any CPU
		{13681802-FB73-4C92-9108-F97385899CD7}.Release|Any CPU.Build.0 = Release|Any CPU
		{CB621A9E-C134-4589-B186-52D2336CB47B}.Debug|Any CPU.ActiveCfg = Debug|Any CPU
		{CB621A9E-C134-4589-B186-52D2336CB47B}.Debug|Any CPU.Build.0 = Debug|Any CPU
		{CB621A9E-C134-4589-B186-52D2336CB47B}.Release|Any CPU.ActiveCfg = Release|Any CPU
		{CB621A9E-C134-4589-B186-52D2336CB47B}.Release|Any CPU.Build.0 = Release|Any CPU
	EndGlobalSection
	GlobalSection(SolutionProperties) = preSolution
		HideSolutionNode = FALSE
	EndGlobalSection
	GlobalSection(NestedProjects) = preSolution
		{1C1B40F0-17B0-4E6F-85F2-F9BBB4E072A1} = {C7548903-A11B-4BD5-85A9-BB7DC486FD41}
		{C7548903-A11B-4BD5-85A9-BB7DC486FD41} = {02EA681E-C7D8-13C7-8484-4AC65E1B71E8}
		{9E12892C-A9BD-40E2-B78E-2CE195FF5991} = {C7548903-A11B-4BD5-85A9-BB7DC486FD41}
		{0CE31E34-3424-4180-988E-B9702CCB8F5A} = {173F2BED-69FB-4F91-9950-FEDADEE081D4}
		{459F5256-2635-430A-94C9-FC4F476E174F} = {0CE31E34-3424-4180-988E-B9702CCB8F5A}
		{77F5FAC0-D1B4-422A-AD8B-16301A02212E} = {C7548903-A11B-4BD5-85A9-BB7DC486FD41}
		{62B2EC85-D496-4508-AAF4-C6C95849ABC2} = {C7548903-A11B-4BD5-85A9-BB7DC486FD41}
		{674C727B-E998-4E08-9419-1019C15C40C2} = {02EA681E-C7D8-13C7-8484-4AC65E1B71E8}
		{B56E9507-712A-4083-A8C1-FCDFA9B9E45F} = {674C727B-E998-4E08-9419-1019C15C40C2}
		{013446EF-0ABF-4008-BC1F-D0A363B696DC} = {0CE31E34-3424-4180-988E-B9702CCB8F5A}
		{FBE8E3F4-61A2-4974-9838-722E86C6F3D9} = {02EA681E-C7D8-13C7-8484-4AC65E1B71E8}
		{2B57C6B6-EDE4-4AB8-8A13-BF8376772503} = {FBE8E3F4-61A2-4974-9838-722E86C6F3D9}
		{F5A79DC9-CDBF-4E5A-8D72-0F34B409E3D8} = {FBE8E3F4-61A2-4974-9838-722E86C6F3D9}
		{95156917-A98B-456F-97B4-9874D588FAF0} = {C7688D20-12F2-4A81-95DA-4CF9D35625F1}
		{075D446E-E510-40E7-AC6D-20EA2428D79A} = {FBE8E3F4-61A2-4974-9838-722E86C6F3D9}
		{C7688D20-12F2-4A81-95DA-4CF9D35625F1} = {173F2BED-69FB-4F91-9950-FEDADEE081D4}
		{6F41256D-2E59-448E-843A-41D5605620AF} = {C7688D20-12F2-4A81-95DA-4CF9D35625F1}
		{7C224EE5-0890-4B8B-ABCE-458924C3C7FB} = {FBE8E3F4-61A2-4974-9838-722E86C6F3D9}
		{FBD3A145-0631-4D64-9E4D-8FA2D706F7D2} = {02EA681E-C7D8-13C7-8484-4AC65E1B71E8}
		{EDDF2925-AC01-4BEF-A1C9-87D43D5D2246} = {FBD3A145-0631-4D64-9E4D-8FA2D706F7D2}
		{F1F80987-5A5E-4F8A-B4D2-04507A51B58D} = {FBD3A145-0631-4D64-9E4D-8FA2D706F7D2}
		{CCE6138D-D8DB-4137-9797-E659166FC348} = {173F2BED-69FB-4F91-9950-FEDADEE081D4}
		{65333184-95DA-48DD-8BE2-0376B2DF13EB} = {CCE6138D-D8DB-4137-9797-E659166FC348}
		{13681802-FB73-4C92-9108-F97385899CD7} = {FBD3A145-0631-4D64-9E4D-8FA2D706F7D2}
		{CB621A9E-C134-4589-B186-52D2336CB47B} = {FBD3A145-0631-4D64-9E4D-8FA2D706F7D2}
	EndGlobalSection
	GlobalSection(ExtensibilityGlobals) = postSolution
		SolutionGuid = {769B04A7-2788-4352-8B47-F626F3AC7B96}
	EndGlobalSection
EndGlobal
